
Microsoft Visual Studio Solution File, Format Version 12.00
# Visual Studio Version 17
VisualStudioVersion = 17.1.32421.90
MinimumVisualStudioVersion = 10.0.40219.1
Project("{FAE04EC0-301F-11D3-BF4B-00C04F79EFBC}") = "YyDzFrontEnd", "YyDzFrontEnd\YyDzFrontEnd.csproj", "{95BDC84E-9E05-4C1D-82F9-7D308D2BDF55}"
EndProject
Global
	GlobalSection(SolutionConfigurationPlatforms) = preSolution
		Debug|Any CPU = Debug|Any CPU
		Release|Any CPU = Release|Any CPU
	EndGlobalSection
	GlobalSection(ProjectConfigurationPlatforms) = postSolution
		{95BDC84E-9E05-4C1D-82F9-7D308D2BDF55}.Debug|Any CPU.ActiveCfg = Debug|Any CPU
		{95BDC84E-9E05-4C1D-82F9-7D308D2BDF55}.Debug|Any CPU.Build.0 = Debug|Any CPU
		{95BDC84E-9E05-4C1D-82F9-7D308D2BDF55}.Release|Any CPU.ActiveCfg = Release|Any CPU
		{95BDC84E-9E05-4C1D-82F9-7D308D2BDF55}.Release|Any CPU.Build.0 = Release|Any CPU
	EndGlobalSection
	GlobalSection(SolutionProperties) = preSolution
		HideSolutionNode = FALSE
	EndGlobalSection
	GlobalSection(ExtensibilityGlobals) = postSolution
		SolutionGuid = {869251A9-DE87-4A11-BFB9-06648A57023B}
	EndGlobalSection
EndGlobal
